{
  "nodes": {
    "flake-utils": {
      "inputs": {
        "systems": "systems"
      },
      "locked": {
        "lastModified": 1731533236,
        "narHash": "sha256-l0KFg5HjrsfsO/JpG+r7fRrqm12kzFHyUHqHCVpMMbI=",
        "owner": "numtide",
        "repo": "flake-utils",
        "rev": "11707dc2f618dd54ca8739b309ec4fc024de578b",
        "type": "github"
      },
      "original": {
        "owner": "numtide",
        "repo": "flake-utils",
        "type": "github"
      }
    },
    "flake-utils_2": {
      "inputs": {
        "systems": "systems_2"
      },
      "locked": {
        "lastModified": 1731533236,
        "narHash": "sha256-l0KFg5HjrsfsO/JpG+r7fRrqm12kzFHyUHqHCVpMMbI=",
        "owner": "numtide",
        "repo": "flake-utils",
        "rev": "11707dc2f618dd54ca8739b309ec4fc024de578b",
        "type": "github"
      },
      "original": {
        "owner": "numtide",
        "repo": "flake-utils",
        "type": "github"
      }
    },
    "musllibc": {
      "flake": false,
      "locked": {
        "lastModified": 1762982116,
        "narHash": "sha256-7tHS1PZMb9aYgzJyKKGcZOLc5ekLffek7tNHss3VEPQ=",
        "owner": "seL4",
        "repo": "musllibc",
        "rev": "b0005f86fecbd6d0257b15363a5b013446914265",
        "type": "github"
      },
      "original": {
        "owner": "seL4",
        "repo": "musllibc",
        "rev": "b0005f86fecbd6d0257b15363a5b013446914265",
        "type": "github"
      }
    },
    "nanopb": {
      "flake": false,
      "locked": {
        "lastModified": 1600684705,
        "narHash": "sha256-32YU6LfPojvEVA2Z3DRZdGzDkSpAUgo1BueC/pl9qlY=",
        "owner": "nanopb",
        "repo": "nanopb",
        "rev": "1466e6f953835b191a7f5acf0c06c941d4cd33d9",
        "type": "github"
      },
      "original": {
        "owner": "nanopb",
        "repo": "nanopb",
        "rev": "1466e6f953835b191a7f5acf0c06c941d4cd33d9",
        "type": "github"
      }
    },
    "nixpkgs": {
      "locked": {
        "lastModified": 1735563628,
        "narHash": "sha256-OnSAY7XDSx7CtDoqNh8jwVwh4xNL/2HaJxGjryLWzX8=",
        "owner": "NixOS",
        "repo": "nixpkgs",
        "rev": "b134951a4c9f3c995fd7be05f3243f8ecd65d798",
        "type": "github"
      },
      "original": {
        "owner": "NixOS",
        "ref": "nixos-24.05",
        "repo": "nixpkgs",
        "type": "github"
      }
    },
    "nixpkgs_2": {
      "locked": {
        "lastModified": 1765186076,
        "narHash": "sha256-hM20uyap1a0M9d344I692r+ik4gTMyj60cQWO+hAYP8=",
        "owner": "NixOS",
        "repo": "nixpkgs",
        "rev": "addf7cf5f383a3101ecfba091b98d0a1263dc9b8",
        "type": "github"
      },
      "original": {
        "owner": "NixOS",
        "ref": "nixos-unstable",
        "repo": "nixpkgs",
        "type": "github"
      }
    },
    "once-lang": {
      "inputs": {
        "flake-utils": "flake-utils_2",
        "nixpkgs": "nixpkgs_2"
      },
      "locked": {
        "path": "../..",
        "type": "path"
      },
      "original": {
        "path": "../..",
        "type": "path"
      },
      "parent": []
    },
    "root": {
      "inputs": {
        "flake-utils": "flake-utils",
        "musllibc": "musllibc",
        "nanopb": "nanopb",
        "nixpkgs": "nixpkgs",
        "once-lang": "once-lang",
        "seL4-kernel": "seL4-kernel",
        "seL4-libs": "seL4-libs",
        "seL4-tools": "seL4-tools",
        "sel4_projects_libs": "sel4_projects_libs",
        "sel4runtime": "sel4runtime",
        "sel4test": "sel4test",
        "util_libs": "util_libs"
      }
    },
    "seL4-kernel": {
      "flake": false,
      "locked": {
        "lastModified": 1766026397,
        "narHash": "sha256-v3dXn2m2iTbDHGd9RFSGU6P+mONvphC5RbP5UTbKPd8=",
        "owner": "seL4",
        "repo": "seL4",
        "rev": "78c3b11a02368dadd314e34a61d53853d6a4b2d7",
        "type": "github"
      },
      "original": {
        "owner": "seL4",
        "repo": "seL4",
        "rev": "78c3b11a02368dadd314e34a61d53853d6a4b2d7",
        "type": "github"
      }
    },
    "seL4-libs": {
      "flake": false,
      "locked": {
        "lastModified": 1753253486,
        "narHash": "sha256-Fs4dciuwQTUUhtuxd5GQKLeBEmeP3EnhWWePl3EkM7I=",
        "owner": "seL4",
        "repo": "seL4_libs",
        "rev": "2580739bde15ec0dac1bef43a4e313e3752b7692",
        "type": "github"
      },
      "original": {
        "owner": "seL4",
        "repo": "seL4_libs",
        "rev": "2580739bde15ec0dac1bef43a4e313e3752b7692",
        "type": "github"
      }
    },
    "seL4-tools": {
      "flake": false,
      "locked": {
        "lastModified": 1765317927,
        "narHash": "sha256-GwnM8gpypcsjXGODE4c5u/pY/6E9j+70QLkJj0TVviw=",
        "owner": "seL4",
        "repo": "seL4_tools",
        "rev": "fbfc6397803b54a809f1995e844c04877fdde006",
        "type": "github"
      },
      "original": {
        "owner": "seL4",
        "repo": "seL4_tools",
        "rev": "fbfc6397803b54a809f1995e844c04877fdde006",
        "type": "github"
      }
    },
    "sel4_projects_libs": {
      "flake": false,
      "locked": {
        "lastModified": 1754388189,
        "narHash": "sha256-WiJuWtDL8w/ZEUq+UzPT3E/BNdds4PhCxkziFqrRq1o=",
        "owner": "seL4",
        "repo": "sel4_projects_libs",
        "rev": "0e06bebf4a3f0c21317c6877e0079f637e021562",
        "type": "github"
      },
      "original": {
        "owner": "seL4",
        "repo": "sel4_projects_libs",
        "rev": "0e06bebf4a3f0c21317c6877e0079f637e021562",
        "type": "github"
      }
    },
    "sel4runtime": {
      "flake": false,
      "locked": {
        "lastModified": 1742171608,
        "narHash": "sha256-7H45pmcJd9e25Jgb52cp8Mj/CciQJzN9hz7HH1PJwYI=",
        "owner": "seL4",
        "repo": "sel4runtime",
        "rev": "86489cf6efab9f314964e79468c036e9035394c7",
        "type": "github"
      },
      "original": {
        "owner": "seL4",
        "repo": "sel4runtime",
        "rev": "86489cf6efab9f314964e79468c036e9035394c7",
        "type": "github"
      }
    },
    "sel4test": {
      "flake": false,
      "locked": {
        "lastModified": 1764932458,
        "narHash": "sha256-vzZp6Ww15TRIW2JClQAro7oGZV6bz8L6fhNiHgnp+dU=",
        "owner": "seL4",
        "repo": "sel4test",
        "rev": "0bbb0c6be4e98df98a04b045f98c5a9d272295b2",
        "type": "github"
      },
      "original": {
        "owner": "seL4",
        "repo": "sel4test",
        "rev": "0bbb0c6be4e98df98a04b045f98c5a9d272295b2",
        "type": "github"
      }
    },
    "systems": {
      "locked": {
        "lastModified": 1681028828,
        "narHash": "sha256-Vy1rq5AaRuLzOxct8nz4T6wlgyUR7zLU309k9mBC768=",
        "owner": "nix-systems",
        "repo": "default",
        "rev": "da67096a3b9bf56a91d16901293e51ba5b49a27e",
        "type": "github"
      },
      "original": {
        "owner": "nix-systems",
        "repo": "default",
        "type": "github"
      }
    },
    "systems_2": {
      "locked": {
        "lastModified": 1681028828,
        "narHash": "sha256-Vy1rq5AaRuLzOxct8nz4T6wlgyUR7zLU309k9mBC768=",
        "owner": "nix-systems",
        "repo": "default",
        "rev": "da67096a3b9bf56a91d16901293e51ba5b49a27e",
        "type": "github"
      },
      "original": {
        "owner": "nix-systems",
        "repo": "default",
        "type": "github"
      }
    },
    "util_libs": {
      "flake": false,
      "locked": {
        "lastModified": 1765317917,
        "narHash": "sha256-1Vvso7Y9oZ9LYSd/yTWfdmeS98HBfUE1y7btnHts/fo=",
        "owner": "seL4",
        "repo": "util_libs",
        "rev": "07a7e15b845b08edf91e6d65919aaeef1ae4d5eb",
        "type": "github"
      },
      "original": {
        "owner": "seL4",
        "repo": "util_libs",
        "rev": "07a7e15b845b08edf91e6d65919aaeef1ae4d5eb",
        "type": "github"
      }
    }
  },
  "root": "root",
  "version": 7
}
